
Microsoft Visual Studio Solution File, Format Version 12.00
# Visual Studio Version 17
VisualStudioVersion = 17.9.34728.123
MinimumVisualStudioVersion = 10.0.40219.1
Project("{FAE04EC0-301F-11D3-BF4B-00C04F79EFBC}") = "CsharpFileSynchronizer", "CsharpFileSynchronizer\CsharpFileSynchronizer.csproj", "{C5CF8638-FB8C-477D-B6C7-D6DC4206AAEC}"
EndProject
Global
	GlobalSection(SolutionConfigurationPlatforms) = preSolution
		Debug|Any CPU = Debug|Any CPU
		Release|Any CPU = Release|Any CPU
	EndGlobalSection
	GlobalSection(ProjectConfigurationPlatforms) = postSolution
		{C5CF8638-FB8C-477D-B6C7-D6DC4206AAEC}.Debug|Any CPU.ActiveCfg = Debug|Any CPU
		{C5CF8638-FB8C-477D-B6C7-D6DC4206AAEC}.Debug|Any CPU.Build.0 = Debug|Any CPU
		{C5CF8638-FB8C-477D-B6C7-D6DC4206AAEC}.Release|Any CPU.ActiveCfg = Release|Any CPU
		{C5CF8638-FB8C-477D-B6C7-D6DC4206AAEC}.Release|Any CPU.Build.0 = Release|Any CPU
	EndGlobalSection
	GlobalSection(SolutionProperties) = preSolution
		HideSolutionNode = FALSE
	EndGlobalSection
	GlobalSection(ExtensibilityGlobals) = postSolution
		SolutionGuid = {90CF41B6-622D-43F6-A191-FF7FBED6DB69}
	EndGlobalSection
EndGlobal
